
Microsoft Visual Studio Solution File, Format Version 12.00
Project("{FAE04EC0-301F-11D3-BF4B-00C04F79EFBC}") = "Spdx3", "Spdx3\Spdx3.csproj", "{521B4A78-893B-441E-A40F-2876E8B14DB5}"
EndProject
Project("{FAE04EC0-301F-11D3-BF4B-00C04F79EFBC}") = "Spdx3.Tests", "Spdx3.Tests\Spdx3.Tests.csproj", "{0E3DD6BC-ADBA-48BB-B7F2-DA3606B126F2}"
EndProject
Project("{2150E333-8FDC-42A3-9474-1A3956D46DE8}") = "Solution Items", "Solution Items", "{79249D3D-0911-4C7C-8E3C-A96BB5F78701}"
	ProjectSection(SolutionItems) = preProject
		README.md = README.md
	EndProjectSection
EndProject
Project("{FAE04EC0-301F-11D3-BF4B-00C04F79EFBC}") = "Examples", "Examples\Examples.csproj", "{EB5FD98D-EA2D-40C3-8F1C-20FDDD8AA041}"
EndProject
Project("{FAE04EC0-301F-11D3-BF4B-00C04F79EFBC}") = "ProduceSourceSbom", "ProduceSourceSbom\ProduceSourceSbom.csproj", "{4B8F4D4F-69FF-4F79-BF7F-C5FB99ED7D82}"
EndProject
Project("{FAE04EC0-301F-11D3-BF4B-00C04F79EFBC}") = "ProduceBuildSbom", "ProduceBuildSbom\ProduceBuildSbom.csproj", "{6837086A-12BD-4347-B7C2-7E56AB8263C3}"
EndProject
Global
	GlobalSection(SolutionConfigurationPlatforms) = preSolution
		Debug|Any CPU = Debug|Any CPU
		Release|Any CPU = Release|Any CPU
	EndGlobalSection
	GlobalSection(ProjectConfigurationPlatforms) = postSolution
		{521B4A78-893B-441E-A40F-2876E8B14DB5}.Debug|Any CPU.ActiveCfg = Debug|Any CPU
		{521B4A78-893B-441E-A40F-2876E8B14DB5}.Debug|Any CPU.Build.0 = Debug|Any CPU
		{521B4A78-893B-441E-A40F-2876E8B14DB5}.Release|Any CPU.ActiveCfg = Release|Any CPU
		{521B4A78-893B-441E-A40F-2876E8B14DB5}.Release|Any CPU.Build.0 = Release|Any CPU
		{521B4A78-893B-441E-A40F-2876E8B14DB5}.Debug|Any CPU.Deploy.0 = Debug|Any CPU
		{0E3DD6BC-ADBA-48BB-B7F2-DA3606B126F2}.Debug|Any CPU.ActiveCfg = Debug|Any CPU
		{0E3DD6BC-ADBA-48BB-B7F2-DA3606B126F2}.Debug|Any CPU.Build.0 = Debug|Any CPU
		{0E3DD6BC-ADBA-48BB-B7F2-DA3606B126F2}.Release|Any CPU.ActiveCfg = Release|Any CPU
		{0E3DD6BC-ADBA-48BB-B7F2-DA3606B126F2}.Release|Any CPU.Build.0 = Release|Any CPU
		{EB5FD98D-EA2D-40C3-8F1C-20FDDD8AA041}.Debug|Any CPU.ActiveCfg = Debug|Any CPU
		{EB5FD98D-EA2D-40C3-8F1C-20FDDD8AA041}.Debug|Any CPU.Build.0 = Debug|Any CPU
		{EB5FD98D-EA2D-40C3-8F1C-20FDDD8AA041}.Release|Any CPU.ActiveCfg = Release|Any CPU
		{EB5FD98D-EA2D-40C3-8F1C-20FDDD8AA041}.Release|Any CPU.Build.0 = Release|Any CPU
		{4B8F4D4F-69FF-4F79-BF7F-C5FB99ED7D82}.Debug|Any CPU.ActiveCfg = Debug|Any CPU
		{4B8F4D4F-69FF-4F79-BF7F-C5FB99ED7D82}.Debug|Any CPU.Build.0 = Debug|Any CPU
		{4B8F4D4F-69FF-4F79-BF7F-C5FB99ED7D82}.Release|Any CPU.ActiveCfg = Release|Any CPU
		{4B8F4D4F-69FF-4F79-BF7F-C5FB99ED7D82}.Release|Any CPU.Build.0 = Release|Any CPU
		{6837086A-12BD-4347-B7C2-7E56AB8263C3}.Debug|Any CPU.ActiveCfg = Debug|Any CPU
		{6837086A-12BD-4347-B7C2-7E56AB8263C3}.Debug|Any CPU.Build.0 = Debug|Any CPU
		{6837086A-12BD-4347-B7C2-7E56AB8263C3}.Release|Any CPU.ActiveCfg = Release|Any CPU
		{6837086A-12BD-4347-B7C2-7E56AB8263C3}.Release|Any CPU.Build.0 = Release|Any CPU
	EndGlobalSection
EndGlobal
