
Microsoft Visual Studio Solution File, Format Version 12.00
Project("{FAE04EC0-301F-11D3-BF4B-00C04F79EFBC}") = "Spdx3", "Spdx3\Spdx3.csproj", "{521B4A78-893B-441E-A40F-2876E8B14DB5}"
EndProject
Project("{FAE04EC0-301F-11D3-BF4B-00C04F79EFBC}") = "Spdx3.Tests", "Spdx3.Tests\Spdx3.Tests.csproj", "{0E3DD6BC-ADBA-48BB-B7F2-DA3606B126F2}"
EndProject
Global
	GlobalSection(SolutionConfigurationPlatforms) = preSolution
		Debug|Any CPU = Debug|Any CPU
		Release|Any CPU = Release|Any CPU
	EndGlobalSection
	GlobalSection(ProjectConfigurationPlatforms) = postSolution
		{521B4A78-893B-441E-A40F-2876E8B14DB5}.Debug|Any CPU.ActiveCfg = Debug|Any CPU
		{521B4A78-893B-441E-A40F-2876E8B14DB5}.Debug|Any CPU.Build.0 = Debug|Any CPU
		{521B4A78-893B-441E-A40F-2876E8B14DB5}.Release|Any CPU.ActiveCfg = Release|Any CPU
		{521B4A78-893B-441E-A40F-2876E8B14DB5}.Release|Any CPU.Build.0 = Release|Any CPU
		{0E3DD6BC-ADBA-48BB-B7F2-DA3606B126F2}.Debug|Any CPU.ActiveCfg = Debug|Any CPU
		{0E3DD6BC-ADBA-48BB-B7F2-DA3606B126F2}.Debug|Any CPU.Build.0 = Debug|Any CPU
		{0E3DD6BC-ADBA-48BB-B7F2-DA3606B126F2}.Release|Any CPU.ActiveCfg = Release|Any CPU
		{0E3DD6BC-ADBA-48BB-B7F2-DA3606B126F2}.Release|Any CPU.Build.0 = Release|Any CPU
	EndGlobalSection
EndGlobal
